
Microsoft Visual Studio Solution File, Format Version 12.00
# Visual Studio 15
VisualStudioVersion = 15.0.28307.1401
MinimumVisualStudioVersion = 10.0.40219.1
Project("{FAE04EC0-301F-11D3-BF4B-00C04F79EFBC}") = "SeaWar", "SeaWar.csproj", "{DF03579B-602D-43D6-B298-17CACE52B33D}"
EndProject
Global
	GlobalSection(SolutionConfigurationPlatforms) = preSolution
		Debug|Any CPU = Debug|Any CPU
		Release|Any CPU = Release|Any CPU
	EndGlobalSection
	GlobalSection(ProjectConfigurationPlatforms) = postSolution
		{DF03579B-602D-43D6-B298-17CACE52B33D}.Debug|Any CPU.ActiveCfg = Debug|Any CPU
		{DF03579B-602D-43D6-B298-17CACE52B33D}.Debug|Any CPU.Build.0 = Debug|Any CPU
		{DF03579B-602D-43D6-B298-17CACE52B33D}.Release|Any CPU.ActiveCfg = Release|Any CPU
		{DF03579B-602D-43D6-B298-17CACE52B33D}.Release|Any CPU.Build.0 = Release|Any CPU
	EndGlobalSection
	GlobalSection(SolutionProperties) = preSolution
		HideSolutionNode = FALSE
	EndGlobalSection
	GlobalSection(ExtensibilityGlobals) = postSolution
		SolutionGuid = {1EC49E25-C860-4FE8-89B5-69629274CA5F}
	EndGlobalSection
EndGlobal
